
Microsoft Visual Studio Solution File, Format Version 12.00
# Visual Studio Version 17
VisualStudioVersion = 17.1.32228.430
MinimumVisualStudioVersion = 10.0.40219.1
Project("{FAE04EC0-301F-11D3-BF4B-00C04F79EFBC}") = "LibraryOP", "LibraryOP\LibraryOP.csproj", "{E9EE63F7-74D0-4BDF-8D5E-5AE9D928D46C}"
EndProject
Global
	GlobalSection(SolutionConfigurationPlatforms) = preSolution
		Debug|Any CPU = Debug|Any CPU
		Release|Any CPU = Release|Any CPU
	EndGlobalSection
	GlobalSection(ProjectConfigurationPlatforms) = postSolution
		{E9EE63F7-74D0-4BDF-8D5E-5AE9D928D46C}.Debug|Any CPU.ActiveCfg = Debug|Any CPU
		{E9EE63F7-74D0-4BDF-8D5E-5AE9D928D46C}.Debug|Any CPU.Build.0 = Debug|Any CPU
		{E9EE63F7-74D0-4BDF-8D5E-5AE9D928D46C}.Release|Any CPU.ActiveCfg = Release|Any CPU
		{E9EE63F7-74D0-4BDF-8D5E-5AE9D928D46C}.Release|Any CPU.Build.0 = Release|Any CPU
	EndGlobalSection
	GlobalSection(SolutionProperties) = preSolution
		HideSolutionNode = FALSE
	EndGlobalSection
	GlobalSection(ExtensibilityGlobals) = postSolution
		SolutionGuid = {C6DCCB37-2AC9-4B1A-8D29-66D20AC19B33}
	EndGlobalSection
EndGlobal
